<?xml version="1.0" encoding="utf-8"?>
<Project ToolsVersion="4.0" xmlns="http://schemas.microsoft.com/developer/msbuild/2003">
  <ItemGroup>
    <ClCompile Include="DXSample.cpp">
      <Filter>Source Files</Filter>
    </ClCompile>
    <ClCompile Include="Main.cpp">
      <Filter>Source Files</Filter>
    </ClCompile>
    <ClCompile Include="Win32Application.cpp">
      <Filter>Source Files</Filter>
    </ClCompile>
    <ClCompile Include="stdafx.cpp">
      <Filter>Source Files</Filter>
    </ClCompile>
    <ClCompile Include="DirectXTexEXR.cpp">
      <Filter>Source Files</Filter>
    </ClCompile>
    <ClCompile Include="D3D12HelloEXR.cpp">
      <Filter>Source Files</Filter>
    </ClCompile>
  </ItemGroup>
  <ItemGroup>
    <ClInclude Include="DXSampleHelper.h">
      <Filter>Header Files</Filter>
    </ClInclude>
    <ClInclude Include="DXSample.h">
      <Filter>Header Files</Filter>
    </ClInclude>
    <ClInclude Include="d3dx12.h">
      <Filter>Header Files</Filter>
    </ClInclude>
    <ClInclude Include="Win32Application.h">
      <Filter>Header Files</Filter>
    </ClInclude>
    <ClInclude Include="stdafx.h">
      <Filter>Header Files</Filter>
    </ClInclude>
    <ClInclude Include="DirectXTexEXR.h">
      <Filter>Header Files</Filter>
    </ClInclude>
    <ClInclude Include="D3D12HelloEXR.h">
      <Filter>Header Files</Filter>
    </ClInclude>
  </ItemGroup>
  <ItemGroup>
    <Filter Include="Header Files">
      <UniqueIdentifier>{ddee7cb8-a99e-4de8-a3bd-2fe5c7370e61}</UniqueIdentifier>
    </Filter>
    <Filter Include="Source Files">
      <UniqueIdentifier>{51afe4b4-385d-4bc5-ad4a-be5acef8e911}</UniqueIdentifier>
    </Filter>
    <Filter Include="Assets">
      <UniqueIdentifier>{78a72d29-450b-429b-bcc3-91d3380d049f}</UniqueIdentifier>
    </Filter>
    <Filter Include="Assets\Shaders">
      <UniqueIdentifier>{dffc7793-7ed1-4d96-9d04-a8437f7ee3a6}</UniqueIdentifier>
    </Filter>
    <Filter Include="Assets\Texture">
      <UniqueIdentifier>{1cfbb809-6b3a-41be-a0c4-7206643ad015}</UniqueIdentifier>
    </Filter>
  </ItemGroup>
  <ItemGroup>
    <CustomBuild Include="shaders.hlsl">
      <Filter>Assets\Shaders</Filter>
    </CustomBuild>
  </ItemGroup>
  <ItemGroup>
    <Image Include="testDataBC6H.DDS">
      <Filter>Assets\Texture</Filter>
    </Image>
    <Image Include="testDataBC7.DDS">
      <Filter>Assets\Texture</Filter>
    </Image>
    <Image Include="test.DDS">
      <Filter>Assets\Texture</Filter>
    </Image>
  </ItemGroup>
  <ItemGroup>
    <None Include="packages.config" />
  </ItemGroup>
</Project>